
Microsoft Visual Studio Solution File, Format Version 12.00
# Visual Studio Version 17
VisualStudioVersion = 17.5.33516.290
MinimumVisualStudioVersion = 10.0.40219.1
Project("{8BC9CEB8-8B4A-11D0-8D11-00A0C91BC942}") = "2061052_c_멘토멘티", "2061052_c_멘토멘티\2061052_c_멘토멘티.vcxproj", "{C58977E4-931A-4C1D-A6D2-D7BCB4C88E07}"
EndProject
Project("{8BC9CEB8-8B4A-11D0-8D11-00A0C91BC942}") = "Ex4", "Ex4\Ex4.vcxproj", "{E9F785B2-5FDA-412D-ACBD-5B00BF6A1444}"
EndProject
Project("{8BC9CEB8-8B4A-11D0-8D11-00A0C91BC942}") = "ex6", "ex6\ex6.vcxproj", "{54880B47-ED63-48DB-8296-A1F0BAF17478}"
EndProject
Project("{8BC9CEB8-8B4A-11D0-8D11-00A0C91BC942}") = "Project1", "Project1\Project1.vcxproj", "{DA2AFEFC-62F3-4356-A292-27106BA2C946}"
EndProject
Global
	GlobalSection(SolutionConfigurationPlatforms) = preSolution
		Debug|x64 = Debug|x64
		Debug|x86 = Debug|x86
		Release|x64 = Release|x64
		Release|x86 = Release|x86
	EndGlobalSection
	GlobalSection(ProjectConfigurationPlatforms) = postSolution
		{C58977E4-931A-4C1D-A6D2-D7BCB4C88E07}.Debug|x64.ActiveCfg = Debug|x64
		{C58977E4-931A-4C1D-A6D2-D7BCB4C88E07}.Debug|x64.Build.0 = Debug|x64
		{C58977E4-931A-4C1D-A6D2-D7BCB4C88E07}.Debug|x86.ActiveCfg = Debug|Win32
		{C58977E4-931A-4C1D-A6D2-D7BCB4C88E07}.Debug|x86.Build.0 = Debug|Win32
		{C58977E4-931A-4C1D-A6D2-D7BCB4C88E07}.Release|x64.ActiveCfg = Release|x64
		{C58977E4-931A-4C1D-A6D2-D7BCB4C88E07}.Release|x64.Build.0 = Release|x64
		{C58977E4-931A-4C1D-A6D2-D7BCB4C88E07}.Release|x86.ActiveCfg = Release|Win32
		{C58977E4-931A-4C1D-A6D2-D7BCB4C88E07}.Release|x86.Build.0 = Release|Win32
		{E9F785B2-5FDA-412D-ACBD-5B00BF6A1444}.Debug|x64.ActiveCfg = Debug|x64
		{E9F785B2-5FDA-412D-ACBD-5B00BF6A1444}.Debug|x64.Build.0 = Debug|x64
		{E9F785B2-5FDA-412D-ACBD-5B00BF6A1444}.Debug|x86.ActiveCfg = Debug|Win32
		{E9F785B2-5FDA-412D-ACBD-5B00BF6A1444}.Debug|x86.Build.0 = Debug|Win32
		{E9F785B2-5FDA-412D-ACBD-5B00BF6A1444}.Release|x64.ActiveCfg = Release|x64
		{E9F785B2-5FDA-412D-ACBD-5B00BF6A1444}.Release|x64.Build.0 = Release|x64
		{E9F785B2-5FDA-412D-ACBD-5B00BF6A1444}.Release|x86.ActiveCfg = Release|Win32
		{E9F785B2-5FDA-412D-ACBD-5B00BF6A1444}.Release|x86.Build.0 = Release|Win32
		{54880B47-ED63-48DB-8296-A1F0BAF17478}.Debug|x64.ActiveCfg = Debug|x64
		{54880B47-ED63-48DB-8296-A1F0BAF17478}.Debug|x64.Build.0 = Debug|x64
		{54880B47-ED63-48DB-8296-A1F0BAF17478}.Debug|x86.ActiveCfg = Debug|Win32
		{54880B47-ED63-48DB-8296-A1F0BAF17478}.Debug|x86.Build.0 = Debug|Win32
		{54880B47-ED63-48DB-8296-A1F0BAF17478}.Release|x64.ActiveCfg = Release|x64
		{54880B47-ED63-48DB-8296-A1F0BAF17478}.Release|x64.Build.0 = Release|x64
		{54880B47-ED63-48DB-8296-A1F0BAF17478}.Release|x86.ActiveCfg = Release|Win32
		{54880B47-ED63-48DB-8296-A1F0BAF17478}.Release|x86.Build.0 = Release|Win32
		{DA2AFEFC-62F3-4356-A292-27106BA2C946}.Debug|x64.ActiveCfg = Debug|x64
		{DA2AFEFC-62F3-4356-A292-27106BA2C946}.Debug|x64.Build.0 = Debug|x64
		{DA2AFEFC-62F3-4356-A292-27106BA2C946}.Debug|x86.ActiveCfg = Debug|Win32
		{DA2AFEFC-62F3-4356-A292-27106BA2C946}.Debug|x86.Build.0 = Debug|Win32
		{DA2AFEFC-62F3-4356-A292-27106BA2C946}.Release|x64.ActiveCfg = Release|x64
		{DA2AFEFC-62F3-4356-A292-27106BA2C946}.Release|x64.Build.0 = Release|x64
		{DA2AFEFC-62F3-4356-A292-27106BA2C946}.Release|x86.ActiveCfg = Release|Win32
		{DA2AFEFC-62F3-4356-A292-27106BA2C946}.Release|x86.Build.0 = Release|Win32
	EndGlobalSection
	GlobalSection(SolutionProperties) = preSolution
		HideSolutionNode = FALSE
	EndGlobalSection
	GlobalSection(ExtensibilityGlobals) = postSolution
		SolutionGuid = {96CB4F6A-DF0F-400A-8D4E-6D23B43C84E6}
	EndGlobalSection
EndGlobal
